
Microsoft Visual Studio Solution File, Format Version 12.00
# Visual Studio 15
VisualStudioVersion = 15.0.28218.60
MinimumVisualStudioVersion = 10.0.40219.1
Project("{9A19103F-16F7-4668-BE54-9A1E7A4F7556}") = "AkkaSpike", "AkkaSpike.csproj", "{A718976F-1787-40DC-A2EF-022195650714}"
EndProject
Global
	GlobalSection(SolutionConfigurationPlatforms) = preSolution
		Debug|Any CPU = Debug|Any CPU
		Release|Any CPU = Release|Any CPU
	EndGlobalSection
	GlobalSection(ProjectConfigurationPlatforms) = postSolution
		{A718976F-1787-40DC-A2EF-022195650714}.Debug|Any CPU.ActiveCfg = Debug|Any CPU
		{A718976F-1787-40DC-A2EF-022195650714}.Debug|Any CPU.Build.0 = Debug|Any CPU
		{A718976F-1787-40DC-A2EF-022195650714}.Release|Any CPU.ActiveCfg = Release|Any CPU
		{A718976F-1787-40DC-A2EF-022195650714}.Release|Any CPU.Build.0 = Release|Any CPU
	EndGlobalSection
	GlobalSection(SolutionProperties) = preSolution
		HideSolutionNode = FALSE
	EndGlobalSection
	GlobalSection(ExtensibilityGlobals) = postSolution
		SolutionGuid = {8201AE9E-2530-4D06-9A87-B0DC7E274C8D}
	EndGlobalSection
EndGlobal
